
Microsoft Visual Studio Solution File, Format Version 12.00
# Visual Studio Version 16
VisualStudioVersion = 16.0.31005.135
MinimumVisualStudioVersion = 10.0.40219.1
Project("{FAE04EC0-301F-11D3-BF4B-00C04F79EFBC}") = "CW2", "CW2\CW2.csproj", "{AB004E63-90B6-46AE-B973-049D7DE09794}"
EndProject
Global
	GlobalSection(SolutionConfigurationPlatforms) = preSolution
		Debug|Any CPU = Debug|Any CPU
		Release|Any CPU = Release|Any CPU
	EndGlobalSection
	GlobalSection(ProjectConfigurationPlatforms) = postSolution
		{AB004E63-90B6-46AE-B973-049D7DE09794}.Debug|Any CPU.ActiveCfg = Debug|Any CPU
		{AB004E63-90B6-46AE-B973-049D7DE09794}.Debug|Any CPU.Build.0 = Debug|Any CPU
		{AB004E63-90B6-46AE-B973-049D7DE09794}.Release|Any CPU.ActiveCfg = Release|Any CPU
		{AB004E63-90B6-46AE-B973-049D7DE09794}.Release|Any CPU.Build.0 = Release|Any CPU
	EndGlobalSection
	GlobalSection(SolutionProperties) = preSolution
		HideSolutionNode = FALSE
	EndGlobalSection
	GlobalSection(ExtensibilityGlobals) = postSolution
		SolutionGuid = {485098A3-5871-45D1-8449-6A04E7EC01A5}
	EndGlobalSection
EndGlobal
